// !$*UTF8*$!
{
	archiveVersion = 1;
	classes = {
	};
	objectVersion = 54;
	objects = {

/* Begin PBXBuildFile section */
		00E356F31AD99517003FC87E /* SignifyProjectTests.m in Sources */ = {isa = PBXBuildFile; fileRef = 00E356F21AD99517003FC87E /* SignifyProjectTests.m */; };
		08902FF9BAEB4578ACC9800D /* PassionOne-Bold.ttf in Resources */ = {isa = PBXBuildFile; fileRef = 706E0DAE46634BA493914C7C /* PassionOne-Bold.ttf */; };
		0935667744A44F41A905F29B /* Poppins-Regular.ttf in Resources */ = {isa = PBXBuildFile; fileRef = 7955ECB7546B407AAA59B124 /* Poppins-Regular.ttf */; };
		13B07FBC1A68108700A75B9A /* AppDelegate.mm in Sources */ = {isa = PBXBuildFile; fileRef = 13B07FB01A68108700A75B9A /* AppDelegate.mm */; };
		13B07FBF1A68108700A75B9A /* Images.xcassets in Resources */ = {isa = PBXBuildFile; fileRef = 13B07FB51A68108700A75B9A /* Images.xcassets */; };
		13B07FC11A68108700A75B9A /* main.m in Sources */ = {isa = PBXBuildFile; fileRef = 13B07FB71A68108700A75B9A /* main.m */; };
		14CA052255B24B0D8A05A14D /* Poppins-BlackItalic.ttf in Resources */ = {isa = PBXBuildFile; fileRef = E3308BEE0A3048E8936706C2 /* Poppins-BlackItalic.ttf */; };
		19672769E2A54BF18077D933 /* Poppins-ExtraLight.ttf in Resources */ = {isa = PBXBuildFile; fileRef = ED53A8D67B1D442D93CBBB2B /* Poppins-ExtraLight.ttf */; };
		291887B435DA4175A7E7C69E /* Poppins-Thin.ttf in Resources */ = {isa = PBXBuildFile; fileRef = B8F8F6F10C764B588E21EBEE /* Poppins-Thin.ttf */; };
		29D6E6A5EB2647EB858FD722 /* Poppins-Light.ttf in Resources */ = {isa = PBXBuildFile; fileRef = F83E36F21E97488495852B48 /* Poppins-Light.ttf */; };
		31EB887260D745A0A0A16D0F /* Poppins-ExtraLightItalic.ttf in Resources */ = {isa = PBXBuildFile; fileRef = 6AF502D4DE4A4EB9BA8EDE1B /* Poppins-ExtraLightItalic.ttf */; };
		33D5F590AF964924AFF940EB /* Poppins-SemiBoldItalic.ttf in Resources */ = {isa = PBXBuildFile; fileRef = B8B23E9976524F45A84C86E5 /* Poppins-SemiBoldItalic.ttf */; };
		49A83B682902466CBF0FA333 /* Poppins-SemiBold.ttf in Resources */ = {isa = PBXBuildFile; fileRef = 49DB8C30CC7D4FA08005E1CC /* Poppins-SemiBold.ttf */; };
		72BFF62D0B7D4DA89E3C02A6 /* Poppins-Italic.ttf in Resources */ = {isa = PBXBuildFile; fileRef = 4DA43A31029E43B99B3DF4E9 /* Poppins-Italic.ttf */; };
		81AB9BB82411601600AC10FF /* LaunchScreen.storyboard in Resources */ = {isa = PBXBuildFile; fileRef = 81AB9BB72411601600AC10FF /* LaunchScreen.storyboard */; };
		8B07A8E827DF4639A9421E9B /* Poppins-MediumItalic.ttf in Resources */ = {isa = PBXBuildFile; fileRef = D3F9EBF0CC54461CA40846CF /* Poppins-MediumItalic.ttf */; };
		9BB30B0135E336CCBF71B7DB /* libPods-SignifyProject-SignifyProjectTests.a in Frameworks */ = {isa = PBXBuildFile; fileRef = 4BDD43F355EDDA5169E65845 /* libPods-SignifyProject-SignifyProjectTests.a */; };
		9C80FA3FD8114FDAA3E669F2 /* PassionOne-Regular.ttf in Resources */ = {isa = PBXBuildFile; fileRef = 2B53D28392A447C4B48F5811 /* PassionOne-Regular.ttf */; };
		B8A1BACAA0094D0EAE4FD96E /* Poppins-Black.ttf in Resources */ = {isa = PBXBuildFile; fileRef = 1D0AF65C413C4CB686F1DD16 /* Poppins-Black.ttf */; };
		BBFA330AC62747D6A8C4C5FB /* Poppins-Bold.ttf in Resources */ = {isa = PBXBuildFile; fileRef = ABCD5C6445304BF2A8129EF7 /* Poppins-Bold.ttf */; };
		BCEB46C4A3F64EAFB657FC0C /* PassionOne-Black.ttf in Resources */ = {isa = PBXBuildFile; fileRef = 670D954E19D84D13AA71A6B7 /* PassionOne-Black.ttf */; };
		BDB32E70D25A0A0C45D52CB0 /* PrivacyInfo.xcprivacy in Resources */ = {isa = PBXBuildFile; fileRef = 13B07FB81A68108700A75B9A /* PrivacyInfo.xcprivacy */; };
		C285E5BC22594340BEF23DCC /* Poppins-ExtraBoldItalic.ttf in Resources */ = {isa = PBXBuildFile; fileRef = CA9B4431E88A4054AF23382C /* Poppins-ExtraBoldItalic.ttf */; };
		C6A3B7FCB8C5472DB783CF69 /* Poppins-LightItalic.ttf in Resources */ = {isa = PBXBuildFile; fileRef = 016BAA37ACA44D0F8259E2BA /* Poppins-LightItalic.ttf */; };
		D123BB562DC4EA3500E8200E /* splash_screen.mp3 in Resources */ = {isa = PBXBuildFile; fileRef = D123BB552DC4EA3500E8200E /* splash_screen.mp3 */; };
		D123BB582DC4F07C00E8200E /* primary_button_sound.mp3 in Resources */ = {isa = PBXBuildFile; fileRef = D123BB572DC4F07C00E8200E /* primary_button_sound.mp3 */; };
		D123BB5A2DC52C2200E8200E /* menu_back_sound.wav in Resources */ = {isa = PBXBuildFile; fileRef = D123BB592DC52C2200E8200E /* menu_back_sound.wav */; };
		D123BB5C2DC52E5400E8200E /* course_pop_up.wav in Resources */ = {isa = PBXBuildFile; fileRef = D123BB5B2DC52E5400E8200E /* course_pop_up.wav */; };
		D7A3BC77947B42DAB47FF947 /* Poppins-Medium.ttf in Resources */ = {isa = PBXBuildFile; fileRef = 7C02417B96C24EDB9EA6AA85 /* Poppins-Medium.ttf */; };
		DAC28C19C6524BBFA55117A9 /* Poppins-BoldItalic.ttf in Resources */ = {isa = PBXBuildFile; fileRef = 0D2A21ADD7F842CDB03009AD /* Poppins-BoldItalic.ttf */; };
		EE0D9D988C343DD98B53C8E9 /* libPods-SignifyProject.a in Frameworks */ = {isa = PBXBuildFile; fileRef = BA466FF9EE95F9937E8DAB48 /* libPods-SignifyProject.a */; };
		FC73E11EA63B4B35A235E953 /* Poppins-ThinItalic.ttf in Resources */ = {isa = PBXBuildFile; fileRef = 26AF3ACEE2B24E1B9A3EA0A3 /* Poppins-ThinItalic.ttf */; };
		FDEA7232FC83447ABE5638A4 /* Poppins-ExtraBold.ttf in Resources */ = {isa = PBXBuildFile; fileRef = AA542B404EA242CC94B8D38E /* Poppins-ExtraBold.ttf */; };
/* End PBXBuildFile section */

/* Begin PBXContainerItemProxy section */
		00E356F41AD99517003FC87E /* PBXContainerItemProxy */ = {
			isa = PBXContainerItemProxy;
			containerPortal = 83CBB9F71A601CBA00E9B192 /* Project object */;
			proxyType = 1;
			remoteGlobalIDString = 13B07F861A680F5B00A75B9A;
			remoteInfo = SignifyProject;
		};
/* End PBXContainerItemProxy section */

/* Begin PBXFileReference section */
		00E356EE1AD99517003FC87E /* SignifyProjectTests.xctest */ = {isa = PBXFileReference; explicitFileType = wrapper.cfbundle; includeInIndex = 0; path = SignifyProjectTests.xctest; sourceTree = BUILT_PRODUCTS_DIR; };
		00E356F11AD99517003FC87E /* Info.plist */ = {isa = PBXFileReference; lastKnownFileType = text.plist.xml; path = Info.plist; sourceTree = "<group>"; };
		00E356F21AD99517003FC87E /* SignifyProjectTests.m */ = {isa = PBXFileReference; lastKnownFileType = sourcecode.c.objc; path = SignifyProjectTests.m; sourceTree = "<group>"; };
		016BAA37ACA44D0F8259E2BA /* Poppins-LightItalic.ttf */ = {isa = PBXFileReference; explicitFileType = undefined; fileEncoding = 9; includeInIndex = 0; lastKnownFileType = unknown; name = "Poppins-LightItalic.ttf"; path = "../front-end-layer/assets/fonts/Poppins-LightItalic.ttf"; sourceTree = "<group>"; };
		0D2A21ADD7F842CDB03009AD /* Poppins-BoldItalic.ttf */ = {isa = PBXFileReference; explicitFileType = undefined; fileEncoding = 9; includeInIndex = 0; lastKnownFileType = unknown; name = "Poppins-BoldItalic.ttf"; path = "../front-end-layer/assets/fonts/Poppins-BoldItalic.ttf"; sourceTree = "<group>"; };
		13B07F961A680F5B00A75B9A /* SignifyProject.app */ = {isa = PBXFileReference; explicitFileType = wrapper.application; includeInIndex = 0; path = SignifyProject.app; sourceTree = BUILT_PRODUCTS_DIR; };
		13B07FAF1A68108700A75B9A /* AppDelegate.h */ = {isa = PBXFileReference; fileEncoding = 4; lastKnownFileType = sourcecode.c.h; name = AppDelegate.h; path = SignifyProject/AppDelegate.h; sourceTree = "<group>"; };
		13B07FB01A68108700A75B9A /* AppDelegate.mm */ = {isa = PBXFileReference; fileEncoding = 4; lastKnownFileType = sourcecode.cpp.objcpp; name = AppDelegate.mm; path = SignifyProject/AppDelegate.mm; sourceTree = "<group>"; };
		13B07FB51A68108700A75B9A /* Images.xcassets */ = {isa = PBXFileReference; lastKnownFileType = folder.assetcatalog; name = Images.xcassets; path = SignifyProject/Images.xcassets; sourceTree = "<group>"; };
		13B07FB61A68108700A75B9A /* Info.plist */ = {isa = PBXFileReference; fileEncoding = 4; lastKnownFileType = text.plist.xml; name = Info.plist; path = SignifyProject/Info.plist; sourceTree = "<group>"; };
		13B07FB71A68108700A75B9A /* main.m */ = {isa = PBXFileReference; fileEncoding = 4; lastKnownFileType = sourcecode.c.objc; name = main.m; path = SignifyProject/main.m; sourceTree = "<group>"; };
		13B07FB81A68108700A75B9A /* PrivacyInfo.xcprivacy */ = {isa = PBXFileReference; fileEncoding = 4; lastKnownFileType = text.plist.xml; name = PrivacyInfo.xcprivacy; path = SignifyProject/PrivacyInfo.xcprivacy; sourceTree = "<group>"; };
		1D0AF65C413C4CB686F1DD16 /* Poppins-Black.ttf */ = {isa = PBXFileReference; explicitFileType = undefined; fileEncoding = 9; includeInIndex = 0; lastKnownFileType = unknown; name = "Poppins-Black.ttf"; path = "../front-end-layer/assets/fonts/Poppins-Black.ttf"; sourceTree = "<group>"; };
		26AF3ACEE2B24E1B9A3EA0A3 /* Poppins-ThinItalic.ttf */ = {isa = PBXFileReference; explicitFileType = undefined; fileEncoding = 9; includeInIndex = 0; lastKnownFileType = unknown; name = "Poppins-ThinItalic.ttf"; path = "../front-end-layer/assets/fonts/Poppins-ThinItalic.ttf"; sourceTree = "<group>"; };
		2B53D28392A447C4B48F5811 /* PassionOne-Regular.ttf */ = {isa = PBXFileReference; explicitFileType = undefined; fileEncoding = 9; includeInIndex = 0; lastKnownFileType = unknown; name = "PassionOne-Regular.ttf"; path = "../front-end-layer/assets/fonts/PassionOne-Regular.ttf"; sourceTree = "<group>"; };
		3739BE0078F7AED6093DD257 /* Pods-SignifyProject.debug.xcconfig */ = {isa = PBXFileReference; includeInIndex = 1; lastKnownFileType = text.xcconfig; name = "Pods-SignifyProject.debug.xcconfig"; path = "Target Support Files/Pods-SignifyProject/Pods-SignifyProject.debug.xcconfig"; sourceTree = "<group>"; };
		49DB8C30CC7D4FA08005E1CC /* Poppins-SemiBold.ttf */ = {isa = PBXFileReference; explicitFileType = undefined; fileEncoding = 9; includeInIndex = 0; lastKnownFileType = unknown; name = "Poppins-SemiBold.ttf"; path = "../front-end-layer/assets/fonts/Poppins-SemiBold.ttf"; sourceTree = "<group>"; };
		4BDD43F355EDDA5169E65845 /* libPods-SignifyProject-SignifyProjectTests.a */ = {isa = PBXFileReference; explicitFileType = archive.ar; includeInIndex = 0; path = "libPods-SignifyProject-SignifyProjectTests.a"; sourceTree = BUILT_PRODUCTS_DIR; };
		4DA43A31029E43B99B3DF4E9 /* Poppins-Italic.ttf */ = {isa = PBXFileReference; explicitFileType = undefined; fileEncoding = 9; includeInIndex = 0; lastKnownFileType = unknown; name = "Poppins-Italic.ttf"; path = "../front-end-layer/assets/fonts/Poppins-Italic.ttf"; sourceTree = "<group>"; };
		66497CA2DCED04B3237DD310 /* Pods-SignifyProject.release.xcconfig */ = {isa = PBXFileReference; includeInIndex = 1; lastKnownFileType = text.xcconfig; name = "Pods-SignifyProject.release.xcconfig"; path = "Target Support Files/Pods-SignifyProject/Pods-SignifyProject.release.xcconfig"; sourceTree = "<group>"; };
		670D954E19D84D13AA71A6B7 /* PassionOne-Black.ttf */ = {isa = PBXFileReference; explicitFileType = undefined; fileEncoding = 9; includeInIndex = 0; lastKnownFileType = unknown; name = "PassionOne-Black.ttf"; path = "../front-end-layer/assets/fonts/PassionOne-Black.ttf"; sourceTree = "<group>"; };
		6AF502D4DE4A4EB9BA8EDE1B /* Poppins-ExtraLightItalic.ttf */ = {isa = PBXFileReference; explicitFileType = undefined; fileEncoding = 9; includeInIndex = 0; lastKnownFileType = unknown; name = "Poppins-ExtraLightItalic.ttf"; path = "../front-end-layer/assets/fonts/Poppins-ExtraLightItalic.ttf"; sourceTree = "<group>"; };
		6EEF73212C9EBE292EB17F79 /* Pods-SignifyProject-SignifyProjectTests.release.xcconfig */ = {isa = PBXFileReference; includeInIndex = 1; lastKnownFileType = text.xcconfig; name = "Pods-SignifyProject-SignifyProjectTests.release.xcconfig"; path = "Target Support Files/Pods-SignifyProject-SignifyProjectTests/Pods-SignifyProject-SignifyProjectTests.release.xcconfig"; sourceTree = "<group>"; };
		706E0DAE46634BA493914C7C /* PassionOne-Bold.ttf */ = {isa = PBXFileReference; explicitFileType = undefined; fileEncoding = 9; includeInIndex = 0; lastKnownFileType = unknown; name = "PassionOne-Bold.ttf"; path = "../front-end-layer/assets/fonts/PassionOne-Bold.ttf"; sourceTree = "<group>"; };
		7955ECB7546B407AAA59B124 /* Poppins-Regular.ttf */ = {isa = PBXFileReference; explicitFileType = undefined; fileEncoding = 9; includeInIndex = 0; lastKnownFileType = unknown; name = "Poppins-Regular.ttf"; path = "../front-end-layer/assets/fonts/Poppins-Regular.ttf"; sourceTree = "<group>"; };
		7C02417B96C24EDB9EA6AA85 /* Poppins-Medium.ttf */ = {isa = PBXFileReference; explicitFileType = undefined; fileEncoding = 9; includeInIndex = 0; lastKnownFileType = unknown; name = "Poppins-Medium.ttf"; path = "../front-end-layer/assets/fonts/Poppins-Medium.ttf"; sourceTree = "<group>"; };
		81AB9BB72411601600AC10FF /* LaunchScreen.storyboard */ = {isa = PBXFileReference; fileEncoding = 4; lastKnownFileType = file.storyboard; name = LaunchScreen.storyboard; path = SignifyProject/LaunchScreen.storyboard; sourceTree = "<group>"; };
		AA542B404EA242CC94B8D38E /* Poppins-ExtraBold.ttf */ = {isa = PBXFileReference; explicitFileType = undefined; fileEncoding = 9; includeInIndex = 0; lastKnownFileType = unknown; name = "Poppins-ExtraBold.ttf"; path = "../front-end-layer/assets/fonts/Poppins-ExtraBold.ttf"; sourceTree = "<group>"; };
		AA99756CEB0065C2D1138297 /* Pods-SignifyProject-SignifyProjectTests.debug.xcconfig */ = {isa = PBXFileReference; includeInIndex = 1; lastKnownFileType = text.xcconfig; name = "Pods-SignifyProject-SignifyProjectTests.debug.xcconfig"; path = "Target Support Files/Pods-SignifyProject-SignifyProjectTests/Pods-SignifyProject-SignifyProjectTests.debug.xcconfig"; sourceTree = "<group>"; };
		ABCD5C6445304BF2A8129EF7 /* Poppins-Bold.ttf */ = {isa = PBXFileReference; explicitFileType = undefined; fileEncoding = 9; includeInIndex = 0; lastKnownFileType = unknown; name = "Poppins-Bold.ttf"; path = "../front-end-layer/assets/fonts/Poppins-Bold.ttf"; sourceTree = "<group>"; };
		B8B23E9976524F45A84C86E5 /* Poppins-SemiBoldItalic.ttf */ = {isa = PBXFileReference; explicitFileType = undefined; fileEncoding = 9; includeInIndex = 0; lastKnownFileType = unknown; name = "Poppins-SemiBoldItalic.ttf"; path = "../front-end-layer/assets/fonts/Poppins-SemiBoldItalic.ttf"; sourceTree = "<group>"; };
		B8F8F6F10C764B588E21EBEE /* Poppins-Thin.ttf */ = {isa = PBXFileReference; explicitFileType = undefined; fileEncoding = 9; includeInIndex = 0; lastKnownFileType = unknown; name = "Poppins-Thin.ttf"; path = "../front-end-layer/assets/fonts/Poppins-Thin.ttf"; sourceTree = "<group>"; };
		BA466FF9EE95F9937E8DAB48 /* libPods-SignifyProject.a */ = {isa = PBXFileReference; explicitFileType = archive.ar; includeInIndex = 0; path = "libPods-SignifyProject.a"; sourceTree = BUILT_PRODUCTS_DIR; };
		CA9B4431E88A4054AF23382C /* Poppins-ExtraBoldItalic.ttf */ = {isa = PBXFileReference; explicitFileType = undefined; fileEncoding = 9; includeInIndex = 0; lastKnownFileType = unknown; name = "Poppins-ExtraBoldItalic.ttf"; path = "../front-end-layer/assets/fonts/Poppins-ExtraBoldItalic.ttf"; sourceTree = "<group>"; };
		D123BB552DC4EA3500E8200E /* splash_screen.mp3 */ = {isa = PBXFileReference; lastKnownFileType = audio.mp3; path = splash_screen.mp3; sourceTree = "<group>"; };
		D123BB572DC4F07C00E8200E /* primary_button_sound.mp3 */ = {isa = PBXFileReference; lastKnownFileType = audio.mp3; path = primary_button_sound.mp3; sourceTree = "<group>"; };
		D123BB592DC52C2200E8200E /* menu_back_sound.wav */ = {isa = PBXFileReference; lastKnownFileType = audio.wav; path = menu_back_sound.wav; sourceTree = "<group>"; };
		D123BB5B2DC52E5400E8200E /* course_pop_up.wav */ = {isa = PBXFileReference; lastKnownFileType = audio.wav; path = course_pop_up.wav; sourceTree = "<group>"; };
		D3F9EBF0CC54461CA40846CF /* Poppins-MediumItalic.ttf */ = {isa = PBXFileReference; explicitFileType = undefined; fileEncoding = 9; includeInIndex = 0; lastKnownFileType = unknown; name = "Poppins-MediumItalic.ttf"; path = "../front-end-layer/assets/fonts/Poppins-MediumItalic.ttf"; sourceTree = "<group>"; };
		E3308BEE0A3048E8936706C2 /* Poppins-BlackItalic.ttf */ = {isa = PBXFileReference; explicitFileType = undefined; fileEncoding = 9; includeInIndex = 0; lastKnownFileType = unknown; name = "Poppins-BlackItalic.ttf"; path = "../front-end-layer/assets/fonts/Poppins-BlackItalic.ttf"; sourceTree = "<group>"; };
		ED297162215061F000B7C4FE /* JavaScriptCore.framework */ = {isa = PBXFileReference; lastKnownFileType = wrapper.framework; name = JavaScriptCore.framework; path = System/Library/Frameworks/JavaScriptCore.framework; sourceTree = SDKROOT; };
		ED53A8D67B1D442D93CBBB2B /* Poppins-ExtraLight.ttf */ = {isa = PBXFileReference; explicitFileType = undefined; fileEncoding = 9; includeInIndex = 0; lastKnownFileType = unknown; name = "Poppins-ExtraLight.ttf"; path = "../front-end-layer/assets/fonts/Poppins-ExtraLight.ttf"; sourceTree = "<group>"; };
		F83E36F21E97488495852B48 /* Poppins-Light.ttf */ = {isa = PBXFileReference; explicitFileType = undefined; fileEncoding = 9; includeInIndex = 0; lastKnownFileType = unknown; name = "Poppins-Light.ttf"; path = "../front-end-layer/assets/fonts/Poppins-Light.ttf"; sourceTree = "<group>"; };
/* End PBXFileReference section */

/* Begin PBXFrameworksBuildPhase section */
		00E356EB1AD99517003FC87E /* Frameworks */ = {
			isa = PBXFrameworksBuildPhase;
			buildActionMask = 2147483647;
			files = (
				9BB30B0135E336CCBF71B7DB /* libPods-SignifyProject-SignifyProjectTests.a in Frameworks */,
			);
			runOnlyForDeploymentPostprocessing = 0;
		};
		13B07F8C1A680F5B00A75B9A /* Frameworks */ = {
			isa = PBXFrameworksBuildPhase;
			buildActionMask = 2147483647;
			files = (
				EE0D9D988C343DD98B53C8E9 /* libPods-SignifyProject.a in Frameworks */,
			);
			runOnlyForDeploymentPostprocessing = 0;
		};
/* End PBXFrameworksBuildPhase section */

/* Begin PBXGroup section */
		00E356EF1AD99517003FC87E /* SignifyProjectTests */ = {
			isa = PBXGroup;
			children = (
				00E356F21AD99517003FC87E /* SignifyProjectTests.m */,
				00E356F01AD99517003FC87E /* Supporting Files */,
			);
			path = SignifyProjectTests;
			sourceTree = "<group>";
		};
		00E356F01AD99517003FC87E /* Supporting Files */ = {
			isa = PBXGroup;
			children = (
				00E356F11AD99517003FC87E /* Info.plist */,
			);
			name = "Supporting Files";
			sourceTree = "<group>";
		};
		13B07FAE1A68108700A75B9A /* SignifyProject */ = {
			isa = PBXGroup;
			children = (
				13B07FAF1A68108700A75B9A /* AppDelegate.h */,
				13B07FB01A68108700A75B9A /* AppDelegate.mm */,
				13B07FB51A68108700A75B9A /* Images.xcassets */,
				13B07FB61A68108700A75B9A /* Info.plist */,
				81AB9BB72411601600AC10FF /* LaunchScreen.storyboard */,
				13B07FB71A68108700A75B9A /* main.m */,
				13B07FB81A68108700A75B9A /* PrivacyInfo.xcprivacy */,
			);
			name = SignifyProject;
			sourceTree = "<group>";
		};
		2D16E6871FA4F8E400B85C8A /* Frameworks */ = {
			isa = PBXGroup;
			children = (
				ED297162215061F000B7C4FE /* JavaScriptCore.framework */,
				BA466FF9EE95F9937E8DAB48 /* libPods-SignifyProject.a */,
				4BDD43F355EDDA5169E65845 /* libPods-SignifyProject-SignifyProjectTests.a */,
			);
			name = Frameworks;
			sourceTree = "<group>";
		};
		832341AE1AAA6A7D00B99B32 /* Libraries */ = {
			isa = PBXGroup;
			children = (
			);
			name = Libraries;
			sourceTree = "<group>";
		};
		83CBB9F61A601CBA00E9B192 = {
			isa = PBXGroup;
			children = (
				13B07FAE1A68108700A75B9A /* SignifyProject */,
				832341AE1AAA6A7D00B99B32 /* Libraries */,
				00E356EF1AD99517003FC87E /* SignifyProjectTests */,
				83CBBA001A601CBA00E9B192 /* Products */,
				2D16E6871FA4F8E400B85C8A /* Frameworks */,
				BBD78D7AC51CEA395F1C20DB /* Pods */,
				E35760FD87F0404D98695181 /* Resources */,
			);
			indentWidth = 2;
			sourceTree = "<group>";
			tabWidth = 2;
			usesTabs = 0;
		};
		83CBBA001A601CBA00E9B192 /* Products */ = {
			isa = PBXGroup;
			children = (
				13B07F961A680F5B00A75B9A /* SignifyProject.app */,
				00E356EE1AD99517003FC87E /* SignifyProjectTests.xctest */,
			);
			name = Products;
			sourceTree = "<group>";
		};
		BBD78D7AC51CEA395F1C20DB /* Pods */ = {
			isa = PBXGroup;
			children = (
				3739BE0078F7AED6093DD257 /* Pods-SignifyProject.debug.xcconfig */,
				66497CA2DCED04B3237DD310 /* Pods-SignifyProject.release.xcconfig */,
				AA99756CEB0065C2D1138297 /* Pods-SignifyProject-SignifyProjectTests.debug.xcconfig */,
				6EEF73212C9EBE292EB17F79 /* Pods-SignifyProject-SignifyProjectTests.release.xcconfig */,
			);
			path = Pods;
			sourceTree = "<group>";
		};
		E35760FD87F0404D98695181 /* Resources */ = {
			isa = PBXGroup;
			children = (
				670D954E19D84D13AA71A6B7 /* PassionOne-Black.ttf */,
				706E0DAE46634BA493914C7C /* PassionOne-Bold.ttf */,
				2B53D28392A447C4B48F5811 /* PassionOne-Regular.ttf */,
				1D0AF65C413C4CB686F1DD16 /* Poppins-Black.ttf */,
				E3308BEE0A3048E8936706C2 /* Poppins-BlackItalic.ttf */,
				ABCD5C6445304BF2A8129EF7 /* Poppins-Bold.ttf */,
				0D2A21ADD7F842CDB03009AD /* Poppins-BoldItalic.ttf */,
				AA542B404EA242CC94B8D38E /* Poppins-ExtraBold.ttf */,
				CA9B4431E88A4054AF23382C /* Poppins-ExtraBoldItalic.ttf */,
				ED53A8D67B1D442D93CBBB2B /* Poppins-ExtraLight.ttf */,
				6AF502D4DE4A4EB9BA8EDE1B /* Poppins-ExtraLightItalic.ttf */,
				4DA43A31029E43B99B3DF4E9 /* Poppins-Italic.ttf */,
				F83E36F21E97488495852B48 /* Poppins-Light.ttf */,
				016BAA37ACA44D0F8259E2BA /* Poppins-LightItalic.ttf */,
				7C02417B96C24EDB9EA6AA85 /* Poppins-Medium.ttf */,
				D3F9EBF0CC54461CA40846CF /* Poppins-MediumItalic.ttf */,
				7955ECB7546B407AAA59B124 /* Poppins-Regular.ttf */,
				49DB8C30CC7D4FA08005E1CC /* Poppins-SemiBold.ttf */,
				B8B23E9976524F45A84C86E5 /* Poppins-SemiBoldItalic.ttf */,
				B8F8F6F10C764B588E21EBEE /* Poppins-Thin.ttf */,
				26AF3ACEE2B24E1B9A3EA0A3 /* Poppins-ThinItalic.ttf */,
				D123BB572DC4F07C00E8200E /* primary_button_sound.mp3 */,
				D123BB5B2DC52E5400E8200E /* course_pop_up.wav */,
				D123BB552DC4EA3500E8200E /* splash_screen.mp3 */,
				D123BB592DC52C2200E8200E /* menu_back_sound.wav */,
			);
			name = Resources;
			sourceTree = "<group>";
		};
/* End PBXGroup section */

/* Begin PBXNativeTarget section */
		00E356ED1AD99517003FC87E /* SignifyProjectTests */ = {
			isa = PBXNativeTarget;
			buildConfigurationList = 00E357021AD99517003FC87E /* Build configuration list for PBXNativeTarget "SignifyProjectTests" */;
			buildPhases = (
				FFD4B9DEA6C92D0385C570CA /* [CP] Check Pods Manifest.lock */,
				00E356EA1AD99517003FC87E /* Sources */,
				00E356EB1AD99517003FC87E /* Frameworks */,
				00E356EC1AD99517003FC87E /* Resources */,
				0E1D82237BC735B0C39A4D3C /* [CP] Embed Pods Frameworks */,
				A2681BAAB9D8EE784D6B84AE /* [CP] Copy Pods Resources */,
			);
			buildRules = (
			);
			dependencies = (
				00E356F51AD99517003FC87E /* PBXTargetDependency */,
			);
			name = SignifyProjectTests;
			productName = SignifyProjectTests;
			productReference = 00E356EE1AD99517003FC87E /* SignifyProjectTests.xctest */;
			productType = "com.apple.product-type.bundle.unit-test";
		};
		13B07F861A680F5B00A75B9A /* SignifyProject */ = {
			isa = PBXNativeTarget;
			buildConfigurationList = 13B07F931A680F5B00A75B9A /* Build configuration list for PBXNativeTarget "SignifyProject" */;
			buildPhases = (
				4366293466B6058B871999BF /* [CP] Check Pods Manifest.lock */,
				13B07F871A680F5B00A75B9A /* Sources */,
				13B07F8C1A680F5B00A75B9A /* Frameworks */,
				13B07F8E1A680F5B00A75B9A /* Resources */,
				00DD1BFF1BD5951E006B06BC /* Bundle React Native code and images */,
				BB885B10A9F2453340DF8498 /* [CP] Embed Pods Frameworks */,
				031FEC94E46F0D1D22284887 /* [CP] Copy Pods Resources */,
			);
			buildRules = (
			);
			dependencies = (
			);
			name = SignifyProject;
			productName = SignifyProject;
			productReference = 13B07F961A680F5B00A75B9A /* SignifyProject.app */;
			productType = "com.apple.product-type.application";
		};
/* End PBXNativeTarget section */

/* Begin PBXProject section */
		83CBB9F71A601CBA00E9B192 /* Project object */ = {
			isa = PBXProject;
			attributes = {
				LastUpgradeCheck = 1210;
				TargetAttributes = {
					00E356ED1AD99517003FC87E = {
						CreatedOnToolsVersion = 6.2;
						TestTargetID = 13B07F861A680F5B00A75B9A;
					};
					13B07F861A680F5B00A75B9A = {
						LastSwiftMigration = 1120;
					};
				};
			};
			buildConfigurationList = 83CBB9FA1A601CBA00E9B192 /* Build configuration list for PBXProject "SignifyProject" */;
			compatibilityVersion = "Xcode 12.0";
			developmentRegion = en;
			hasScannedForEncodings = 0;
			knownRegions = (
				en,
				Base,
			);
			mainGroup = 83CBB9F61A601CBA00E9B192;
			productRefGroup = 83CBBA001A601CBA00E9B192 /* Products */;
			projectDirPath = "";
			projectRoot = "";
			targets = (
				13B07F861A680F5B00A75B9A /* SignifyProject */,
				00E356ED1AD99517003FC87E /* SignifyProjectTests */,
			);
		};
/* End PBXProject section */

/* Begin PBXResourcesBuildPhase section */
		00E356EC1AD99517003FC87E /* Resources */ = {
			isa = PBXResourcesBuildPhase;
			buildActionMask = 2147483647;
			files = (
			);
			runOnlyForDeploymentPostprocessing = 0;
		};
		13B07F8E1A680F5B00A75B9A /* Resources */ = {
			isa = PBXResourcesBuildPhase;
			buildActionMask = 2147483647;
			files = (
				81AB9BB82411601600AC10FF /* LaunchScreen.storyboard in Resources */,
				13B07FBF1A68108700A75B9A /* Images.xcassets in Resources */,
				BDB32E70D25A0A0C45D52CB0 /* PrivacyInfo.xcprivacy in Resources */,
				BCEB46C4A3F64EAFB657FC0C /* PassionOne-Black.ttf in Resources */,
				08902FF9BAEB4578ACC9800D /* PassionOne-Bold.ttf in Resources */,
				9C80FA3FD8114FDAA3E669F2 /* PassionOne-Regular.ttf in Resources */,
				B8A1BACAA0094D0EAE4FD96E /* Poppins-Black.ttf in Resources */,
				14CA052255B24B0D8A05A14D /* Poppins-BlackItalic.ttf in Resources */,
				BBFA330AC62747D6A8C4C5FB /* Poppins-Bold.ttf in Resources */,
				D123BB582DC4F07C00E8200E /* primary_button_sound.mp3 in Resources */,
				DAC28C19C6524BBFA55117A9 /* Poppins-BoldItalic.ttf in Resources */,
				FDEA7232FC83447ABE5638A4 /* Poppins-ExtraBold.ttf in Resources */,
				C285E5BC22594340BEF23DCC /* Poppins-ExtraBoldItalic.ttf in Resources */,
				19672769E2A54BF18077D933 /* Poppins-ExtraLight.ttf in Resources */,
				31EB887260D745A0A0A16D0F /* Poppins-ExtraLightItalic.ttf in Resources */,
				D123BB5A2DC52C2200E8200E /* menu_back_sound.wav in Resources */,
				72BFF62D0B7D4DA89E3C02A6 /* Poppins-Italic.ttf in Resources */,
				29D6E6A5EB2647EB858FD722 /* Poppins-Light.ttf in Resources */,
				D123BB562DC4EA3500E8200E /* splash_screen.mp3 in Resources */,
				C6A3B7FCB8C5472DB783CF69 /* Poppins-LightItalic.ttf in Resources */,
				D7A3BC77947B42DAB47FF947 /* Poppins-Medium.ttf in Resources */,
				8B07A8E827DF4639A9421E9B /* Poppins-MediumItalic.ttf in Resources */,
				0935667744A44F41A905F29B /* Poppins-Regular.ttf in Resources */,
				49A83B682902466CBF0FA333 /* Poppins-SemiBold.ttf in Resources */,
				D123BB5C2DC52E5400E8200E /* course_pop_up.wav in Resources */,
				33D5F590AF964924AFF940EB /* Poppins-SemiBoldItalic.ttf in Resources */,
				291887B435DA4175A7E7C69E /* Poppins-Thin.ttf in Resources */,
				FC73E11EA63B4B35A235E953 /* Poppins-ThinItalic.ttf in Resources */,
			);
			runOnlyForDeploymentPostprocessing = 0;
		};
/* End PBXResourcesBuildPhase section */

/* Begin PBXShellScriptBuildPhase section */
		00DD1BFF1BD5951E006B06BC /* Bundle React Native code and images */ = {
			isa = PBXShellScriptBuildPhase;
			buildActionMask = 2147483647;
			files = (
			);
			inputPaths = (
				"$(SRCROOT)/.xcode.env.local",
				"$(SRCROOT)/.xcode.env",
			);
			name = "Bundle React Native code and images";
			outputPaths = (
			);
			runOnlyForDeploymentPostprocessing = 0;
			shellPath = /bin/sh;
			shellScript = "set -e\n\nWITH_ENVIRONMENT=\"$REACT_NATIVE_PATH/scripts/xcode/with-environment.sh\"\nREACT_NATIVE_XCODE=\"$REACT_NATIVE_PATH/scripts/react-native-xcode.sh\"\n\n/bin/sh -c \"$WITH_ENVIRONMENT $REACT_NATIVE_XCODE\"\n";
		};
		031FEC94E46F0D1D22284887 /* [CP] Copy Pods Resources */ = {
			isa = PBXShellScriptBuildPhase;
			buildActionMask = 2147483647;
			files = (
			);
			inputFileListPaths = (
				"${PODS_ROOT}/Target Support Files/Pods-SignifyProject/Pods-SignifyProject-resources-${CONFIGURATION}-input-files.xcfilelist",
			);
			name = "[CP] Copy Pods Resources";
			outputFileListPaths = (
				"${PODS_ROOT}/Target Support Files/Pods-SignifyProject/Pods-SignifyProject-resources-${CONFIGURATION}-output-files.xcfilelist",
			);
			runOnlyForDeploymentPostprocessing = 0;
			shellPath = /bin/sh;
			shellScript = "\"${PODS_ROOT}/Target Support Files/Pods-SignifyProject/Pods-SignifyProject-resources.sh\"\n";
			showEnvVarsInLog = 0;
		};
		0E1D82237BC735B0C39A4D3C /* [CP] Embed Pods Frameworks */ = {
			isa = PBXShellScriptBuildPhase;
			buildActionMask = 2147483647;
			files = (
			);
			inputFileListPaths = (
				"${PODS_ROOT}/Target Support Files/Pods-SignifyProject-SignifyProjectTests/Pods-SignifyProject-SignifyProjectTests-frameworks-${CONFIGURATION}-input-files.xcfilelist",
			);
			name = "[CP] Embed Pods Frameworks";
			outputFileListPaths = (
				"${PODS_ROOT}/Target Support Files/Pods-SignifyProject-SignifyProjectTests/Pods-SignifyProject-SignifyProjectTests-frameworks-${CONFIGURATION}-output-files.xcfilelist",
			);
			runOnlyForDeploymentPostprocessing = 0;
			shellPath = /bin/sh;
			shellScript = "\"${PODS_ROOT}/Target Support Files/Pods-SignifyProject-SignifyProjectTests/Pods-SignifyProject-SignifyProjectTests-frameworks.sh\"\n";
			showEnvVarsInLog = 0;
		};
		4366293466B6058B871999BF /* [CP] Check Pods Manifest.lock */ = {
			isa = PBXShellScriptBuildPhase;
			buildActionMask = 2147483647;
			files = (
			);
			inputFileListPaths = (
			);
			inputPaths = (
				"${PODS_PODFILE_DIR_PATH}/Podfile.lock",
				"${PODS_ROOT}/Manifest.lock",
			);
			name = "[CP] Check Pods Manifest.lock";
			outputFileListPaths = (
			);
			outputPaths = (
				"$(DERIVED_FILE_DIR)/Pods-SignifyProject-checkManifestLockResult.txt",
			);
			runOnlyForDeploymentPostprocessing = 0;
			shellPath = /bin/sh;
			shellScript = "diff \"${PODS_PODFILE_DIR_PATH}/Podfile.lock\" \"${PODS_ROOT}/Manifest.lock\" > /dev/null\nif [ $? != 0 ] ; then\n    # print error to STDERR\n    echo \"error: The sandbox is not in sync with the Podfile.lock. Run 'pod install' or update your CocoaPods installation.\" >&2\n    exit 1\nfi\n# This output is used by Xcode 'outputs' to avoid re-running this script phase.\necho \"SUCCESS\" > \"${SCRIPT_OUTPUT_FILE_0}\"\n";
			showEnvVarsInLog = 0;
		};
		A2681BAAB9D8EE784D6B84AE /* [CP] Copy Pods Resources */ = {
			isa = PBXShellScriptBuildPhase;
			buildActionMask = 2147483647;
			files = (
			);
			inputFileListPaths = (
				"${PODS_ROOT}/Target Support Files/Pods-SignifyProject-SignifyProjectTests/Pods-SignifyProject-SignifyProjectTests-resources-${CONFIGURATION}-input-files.xcfilelist",
			);
			name = "[CP] Copy Pods Resources";
			outputFileListPaths = (
				"${PODS_ROOT}/Target Support Files/Pods-SignifyProject-SignifyProjectTests/Pods-SignifyProject-SignifyProjectTests-resources-${CONFIGURATION}-output-files.xcfilelist",
			);
			runOnlyForDeploymentPostprocessing = 0;
			shellPath = /bin/sh;
			shellScript = "\"${PODS_ROOT}/Target Support Files/Pods-SignifyProject-SignifyProjectTests/Pods-SignifyProject-SignifyProjectTests-resources.sh\"\n";
			showEnvVarsInLog = 0;
		};
		BB885B10A9F2453340DF8498 /* [CP] Embed Pods Frameworks */ = {
			isa = PBXShellScriptBuildPhase;
			buildActionMask = 2147483647;
			files = (
			);
			inputFileListPaths = (
				"${PODS_ROOT}/Target Support Files/Pods-SignifyProject/Pods-SignifyProject-frameworks-${CONFIGURATION}-input-files.xcfilelist",
			);
			name = "[CP] Embed Pods Frameworks";
			outputFileListPaths = (
				"${PODS_ROOT}/Target Support Files/Pods-SignifyProject/Pods-SignifyProject-frameworks-${CONFIGURATION}-output-files.xcfilelist",
			);
			runOnlyForDeploymentPostprocessing = 0;
			shellPath = /bin/sh;
			shellScript = "\"${PODS_ROOT}/Target Support Files/Pods-SignifyProject/Pods-SignifyProject-frameworks.sh\"\n";
			showEnvVarsInLog = 0;
		};
		FFD4B9DEA6C92D0385C570CA /* [CP] Check Pods Manifest.lock */ = {
			isa = PBXShellScriptBuildPhase;
			buildActionMask = 2147483647;
			files = (
			);
			inputFileListPaths = (
			);
			inputPaths = (
				"${PODS_PODFILE_DIR_PATH}/Podfile.lock",
				"${PODS_ROOT}/Manifest.lock",
			);
			name = "[CP] Check Pods Manifest.lock";
			outputFileListPaths = (
			);
			outputPaths = (
				"$(DERIVED_FILE_DIR)/Pods-SignifyProject-SignifyProjectTests-checkManifestLockResult.txt",
			);
			runOnlyForDeploymentPostprocessing = 0;
			shellPath = /bin/sh;
			shellScript = "diff \"${PODS_PODFILE_DIR_PATH}/Podfile.lock\" \"${PODS_ROOT}/Manifest.lock\" > /dev/null\nif [ $? != 0 ] ; then\n    # print error to STDERR\n    echo \"error: The sandbox is not in sync with the Podfile.lock. Run 'pod install' or update your CocoaPods installation.\" >&2\n    exit 1\nfi\n# This output is used by Xcode 'outputs' to avoid re-running this script phase.\necho \"SUCCESS\" > \"${SCRIPT_OUTPUT_FILE_0}\"\n";
			showEnvVarsInLog = 0;
		};
/* End PBXShellScriptBuildPhase section */

/* Begin PBXSourcesBuildPhase section */
		00E356EA1AD99517003FC87E /* Sources */ = {
			isa = PBXSourcesBuildPhase;
			buildActionMask = 2147483647;
			files = (
				00E356F31AD99517003FC87E /* SignifyProjectTests.m in Sources */,
			);
			runOnlyForDeploymentPostprocessing = 0;
		};
		13B07F871A680F5B00A75B9A /* Sources */ = {
			isa = PBXSourcesBuildPhase;
			buildActionMask = 2147483647;
			files = (
				13B07FBC1A68108700A75B9A /* AppDelegate.mm in Sources */,
				13B07FC11A68108700A75B9A /* main.m in Sources */,
			);
			runOnlyForDeploymentPostprocessing = 0;
		};
/* End PBXSourcesBuildPhase section */

/* Begin PBXTargetDependency section */
		00E356F51AD99517003FC87E /* PBXTargetDependency */ = {
			isa = PBXTargetDependency;
			target = 13B07F861A680F5B00A75B9A /* SignifyProject */;
			targetProxy = 00E356F41AD99517003FC87E /* PBXContainerItemProxy */;
		};
/* End PBXTargetDependency section */

/* Begin XCBuildConfiguration section */
		00E356F61AD99517003FC87E /* Debug */ = {
			isa = XCBuildConfiguration;
			baseConfigurationReference = AA99756CEB0065C2D1138297 /* Pods-SignifyProject-SignifyProjectTests.debug.xcconfig */;
			buildSettings = {
				BUNDLE_LOADER = "$(TEST_HOST)";
				GCC_PREPROCESSOR_DEFINITIONS = (
					"DEBUG=1",
					"$(inherited)",
				);
				INFOPLIST_FILE = SignifyProjectTests/Info.plist;
				IPHONEOS_DEPLOYMENT_TARGET = 15.1;
				LD_RUNPATH_SEARCH_PATHS = (
					"$(inherited)",
					"@executable_path/Frameworks",
					"@loader_path/Frameworks",
				);
				OTHER_LDFLAGS = (
					"-ObjC",
					"-lc++",
					"$(inherited)",
				);
				PRODUCT_BUNDLE_IDENTIFIER = "org.reactjs.native.example.$(PRODUCT_NAME:rfc1034identifier)";
				PRODUCT_NAME = "$(TARGET_NAME)";
				TEST_HOST = "$(BUILT_PRODUCTS_DIR)/SignifyProject.app/SignifyProject";
			};
			name = Debug;
		};
		00E356F71AD99517003FC87E /* Release */ = {
			isa = XCBuildConfiguration;
			baseConfigurationReference = 6EEF73212C9EBE292EB17F79 /* Pods-SignifyProject-SignifyProjectTests.release.xcconfig */;
			buildSettings = {
				BUNDLE_LOADER = "$(TEST_HOST)";
				COPY_PHASE_STRIP = NO;
				INFOPLIST_FILE = SignifyProjectTests/Info.plist;
				IPHONEOS_DEPLOYMENT_TARGET = 15.1;
				LD_RUNPATH_SEARCH_PATHS = (
					"$(inherited)",
					"@executable_path/Frameworks",
					"@loader_path/Frameworks",
				);
				OTHER_LDFLAGS = (
					"-ObjC",
					"-lc++",
					"$(inherited)",
				);
				PRODUCT_BUNDLE_IDENTIFIER = "org.reactjs.native.example.$(PRODUCT_NAME:rfc1034identifier)";
				PRODUCT_NAME = "$(TARGET_NAME)";
				TEST_HOST = "$(BUILT_PRODUCTS_DIR)/SignifyProject.app/SignifyProject";
			};
			name = Release;
		};
		13B07F941A680F5B00A75B9A /* Debug */ = {
			isa = XCBuildConfiguration;
			baseConfigurationReference = 3739BE0078F7AED6093DD257 /* Pods-SignifyProject.debug.xcconfig */;
			buildSettings = {
				ASSETCATALOG_COMPILER_APPICON_NAME = AppIcon;
				CLANG_ENABLE_MODULES = YES;
				CURRENT_PROJECT_VERSION = 1;
				DEVELOPMENT_TEAM = HHZ2B3U66M;
				ENABLE_BITCODE = NO;
				INFOPLIST_FILE = SignifyProject/Info.plist;
				IPHONEOS_DEPLOYMENT_TARGET = 15.1;
				LD_RUNPATH_SEARCH_PATHS = (
					"$(inherited)",
					"@executable_path/Frameworks",
				);
				MARKETING_VERSION = 1.0;
				OTHER_LDFLAGS = (
					"$(inherited)",
					"-ObjC",
					"-lc++",
				);
				PRODUCT_BUNDLE_IDENTIFIER = com.dila.signify1;
				PRODUCT_NAME = SignifyProject;
				SWIFT_OPTIMIZATION_LEVEL = "-Onone";
				SWIFT_VERSION = 5.0;
				VERSIONING_SYSTEM = "apple-generic";
			};
			name = Debug;
		};
		13B07F951A680F5B00A75B9A /* Release */ = {
			isa = XCBuildConfiguration;
			baseConfigurationReference = 66497CA2DCED04B3237DD310 /* Pods-SignifyProject.release.xcconfig */;
			buildSettings = {
				ASSETCATALOG_COMPILER_APPICON_NAME = AppIcon;
				CLANG_ENABLE_MODULES = YES;
				CURRENT_PROJECT_VERSION = 1;
				DEVELOPMENT_TEAM = HHZ2B3U66M;
				INFOPLIST_FILE = SignifyProject/Info.plist;
				IPHONEOS_DEPLOYMENT_TARGET = 15.1;
				LD_RUNPATH_SEARCH_PATHS = (
					"$(inherited)",
					"@executable_path/Frameworks",
				);
				MARKETING_VERSION = 1.0;
				OTHER_LDFLAGS = (
					"$(inherited)",
					"-ObjC",
					"-lc++",
				);
				PRODUCT_BUNDLE_IDENTIFIER = com.dila.signify1;
				PRODUCT_NAME = SignifyProject;
				SWIFT_VERSION = 5.0;
				VERSIONING_SYSTEM = "apple-generic";
			};
			name = Release;
		};
		83CBBA201A601CBA00E9B192 /* Debug */ = {
			isa = XCBuildConfiguration;
			buildSettings = {
				ALWAYS_SEARCH_USER_PATHS = NO;
				CLANG_ANALYZER_LOCALIZABILITY_NONLOCALIZED = YES;
				CLANG_CXX_LANGUAGE_STANDARD = "c++20";
				CLANG_CXX_LIBRARY = "libc++";
				CLANG_ENABLE_MODULES = YES;
				CLANG_ENABLE_OBJC_ARC = YES;
				CLANG_WARN_BLOCK_CAPTURE_AUTORELEASING = YES;
				CLANG_WARN_BOOL_CONVERSION = YES;
				CLANG_WARN_COMMA = YES;
				CLANG_WARN_CONSTANT_CONVERSION = YES;
				CLANG_WARN_DEPRECATED_OBJC_IMPLEMENTATIONS = YES;
				CLANG_WARN_DIRECT_OBJC_ISA_USAGE = YES_ERROR;
				CLANG_WARN_EMPTY_BODY = YES;
				CLANG_WARN_ENUM_CONVERSION = YES;
				CLANG_WARN_INFINITE_RECURSION = YES;
				CLANG_WARN_INT_CONVERSION = YES;
				CLANG_WARN_NON_LITERAL_NULL_CONVERSION = YES;
				CLANG_WARN_OBJC_IMPLICIT_RETAIN_SELF = YES;
				CLANG_WARN_OBJC_LITERAL_CONVERSION = YES;
				CLANG_WARN_OBJC_ROOT_CLASS = YES_ERROR;
				CLANG_WARN_QUOTED_INCLUDE_IN_FRAMEWORK_HEADER = YES;
				CLANG_WARN_RANGE_LOOP_ANALYSIS = YES;
				CLANG_WARN_STRICT_PROTOTYPES = YES;
				CLANG_WARN_SUSPICIOUS_MOVE = YES;
				CLANG_WARN_UNREACHABLE_CODE = YES;
				CLANG_WARN__DUPLICATE_METHOD_MATCH = YES;
				"CODE_SIGN_IDENTITY[sdk=iphoneos*]" = "iPhone Developer";
				COPY_PHASE_STRIP = NO;
				ENABLE_STRICT_OBJC_MSGSEND = YES;
				ENABLE_TESTABILITY = YES;
				"EXCLUDED_ARCHS[sdk=iphonesimulator*]" = "";
				GCC_C_LANGUAGE_STANDARD = gnu99;
				GCC_DYNAMIC_NO_PIC = NO;
				GCC_NO_COMMON_BLOCKS = YES;
				GCC_OPTIMIZATION_LEVEL = 0;
				GCC_PREPROCESSOR_DEFINITIONS = (
					"DEBUG=1",
					"$(inherited)",
				);
				GCC_SYMBOLS_PRIVATE_EXTERN = NO;
				GCC_WARN_64_TO_32_BIT_CONVERSION = YES;
				GCC_WARN_ABOUT_RETURN_TYPE = YES_ERROR;
				GCC_WARN_UNDECLARED_SELECTOR = YES;
				GCC_WARN_UNINITIALIZED_AUTOS = YES_AGGRESSIVE;
				GCC_WARN_UNUSED_FUNCTION = YES;
				GCC_WARN_UNUSED_VARIABLE = YES;
				IPHONEOS_DEPLOYMENT_TARGET = 15.1;
				LD_RUNPATH_SEARCH_PATHS = (
					/usr/lib/swift,
					"$(inherited)",
				);
				LIBRARY_SEARCH_PATHS = (
					"\"$(SDKROOT)/usr/lib/swift\"",
					"\"$(TOOLCHAIN_DIR)/usr/lib/swift/$(PLATFORM_NAME)\"",
					"\"$(inherited)\"",
				);
				MTL_ENABLE_DEBUG_INFO = YES;
				ONLY_ACTIVE_ARCH = YES;
				OTHER_CPLUSPLUSFLAGS = (
					"$(OTHER_CFLAGS)",
					"-DFOLLY_NO_CONFIG",
					"-DFOLLY_MOBILE=1",
					"-DFOLLY_USE_LIBCPP=1",
					"-DFOLLY_CFG_NO_COROUTINES=1",
					"-DFOLLY_HAVE_CLOCK_GETTIME=1",
				);
				OTHER_LDFLAGS = "$(inherited)  ";
				REACT_NATIVE_PATH = "${PODS_ROOT}/../../node_modules/react-native";
				SDKROOT = iphoneos;
				SWIFT_ACTIVE_COMPILATION_CONDITIONS = "$(inherited) DEBUG";
				USE_HERMES = true;
			};
			name = Debug;
		};
		83CBBA211A601CBA00E9B192 /* Release */ = {
			isa = XCBuildConfiguration;
			buildSettings = {
				ALWAYS_SEARCH_USER_PATHS = NO;
				CLANG_ANALYZER_LOCALIZABILITY_NONLOCALIZED = YES;
				CLANG_CXX_LANGUAGE_STANDARD = "c++20";
				CLANG_CXX_LIBRARY = "libc++";
				CLANG_ENABLE_MODULES = YES;
				CLANG_ENABLE_OBJC_ARC = YES;
				CLANG_WARN_BLOCK_CAPTURE_AUTORELEASING = YES;
				CLANG_WARN_BOOL_CONVERSION = YES;
				CLANG_WARN_COMMA = YES;
				CLANG_WARN_CONSTANT_CONVERSION = YES;
				CLANG_WARN_DEPRECATED_OBJC_IMPLEMENTATIONS = YES;
				CLANG_WARN_DIRECT_OBJC_ISA_USAGE = YES_ERROR;
				CLANG_WARN_EMPTY_BODY = YES;
				CLANG_WARN_ENUM_CONVERSION = YES;
				CLANG_WARN_INFINITE_RECURSION = YES;
				CLANG_WARN_INT_CONVERSION = YES;
				CLANG_WARN_NON_LITERAL_NULL_CONVERSION = YES;
				CLANG_WARN_OBJC_IMPLICIT_RETAIN_SELF = YES;
				CLANG_WARN_OBJC_LITERAL_CONVERSION = YES;
				CLANG_WARN_OBJC_ROOT_CLASS = YES_ERROR;
				CLANG_WARN_QUOTED_INCLUDE_IN_FRAMEWORK_HEADER = YES;
				CLANG_WARN_RANGE_LOOP_ANALYSIS = YES;
				CLANG_WARN_STRICT_PROTOTYPES = YES;
				CLANG_WARN_SUSPICIOUS_MOVE = YES;
				CLANG_WARN_UNREACHABLE_CODE = YES;
				CLANG_WARN__DUPLICATE_METHOD_MATCH = YES;
				"CODE_SIGN_IDENTITY[sdk=iphoneos*]" = "iPhone Developer";
				COPY_PHASE_STRIP = YES;
				ENABLE_NS_ASSERTIONS = NO;
				ENABLE_STRICT_OBJC_MSGSEND = YES;
				"EXCLUDED_ARCHS[sdk=iphonesimulator*]" = "";
				GCC_C_LANGUAGE_STANDARD = gnu99;
				GCC_NO_COMMON_BLOCKS = YES;
				GCC_WARN_64_TO_32_BIT_CONVERSION = YES;
				GCC_WARN_ABOUT_RETURN_TYPE = YES_ERROR;
				GCC_WARN_UNDECLARED_SELECTOR = YES;
				GCC_WARN_UNINITIALIZED_AUTOS = YES_AGGRESSIVE;
				GCC_WARN_UNUSED_FUNCTION = YES;
				GCC_WARN_UNUSED_VARIABLE = YES;
				IPHONEOS_DEPLOYMENT_TARGET = 15.1;
				LD_RUNPATH_SEARCH_PATHS = (
					/usr/lib/swift,
					"$(inherited)",
				);
				LIBRARY_SEARCH_PATHS = (
					"\"$(SDKROOT)/usr/lib/swift\"",
					"\"$(TOOLCHAIN_DIR)/usr/lib/swift/$(PLATFORM_NAME)\"",
					"\"$(inherited)\"",
				);
				MTL_ENABLE_DEBUG_INFO = NO;
				OTHER_CPLUSPLUSFLAGS = (
					"$(OTHER_CFLAGS)",
					"-DFOLLY_NO_CONFIG",
					"-DFOLLY_MOBILE=1",
					"-DFOLLY_USE_LIBCPP=1",
					"-DFOLLY_CFG_NO_COROUTINES=1",
					"-DFOLLY_HAVE_CLOCK_GETTIME=1",
				);
				OTHER_LDFLAGS = "$(inherited)  ";
				REACT_NATIVE_PATH = "${PODS_ROOT}/../../node_modules/react-native";
				SDKROOT = iphoneos;
				USE_HERMES = true;
				VALIDATE_PRODUCT = YES;
			};
			name = Release;
		};
/* End XCBuildConfiguration section */

/* Begin XCConfigurationList section */
		00E357021AD99517003FC87E /* Build configuration list for PBXNativeTarget "SignifyProjectTests" */ = {
			isa = XCConfigurationList;
			buildConfigurations = (
				00E356F61AD99517003FC87E /* Debug */,
				00E356F71AD99517003FC87E /* Release */,
			);
			defaultConfigurationIsVisible = 0;
			defaultConfigurationName = Release;
		};
		13B07F931A680F5B00A75B9A /* Build configuration list for PBXNativeTarget "SignifyProject" */ = {
			isa = XCConfigurationList;
			buildConfigurations = (
				13B07F941A680F5B00A75B9A /* Debug */,
				13B07F951A680F5B00A75B9A /* Release */,
			);
			defaultConfigurationIsVisible = 0;
			defaultConfigurationName = Release;
		};
		83CBB9FA1A601CBA00E9B192 /* Build configuration list for PBXProject "SignifyProject" */ = {
			isa = XCConfigurationList;
			buildConfigurations = (
				83CBBA201A601CBA00E9B192 /* Debug */,
				83CBBA211A601CBA00E9B192 /* Release */,
			);
			defaultConfigurationIsVisible = 0;
			defaultConfigurationName = Release;
		};
/* End XCConfigurationList section */
	};
	rootObject = 83CBB9F71A601CBA00E9B192 /* Project object */;
}
